
Microsoft Visual Studio Solution File, Format Version 12.00
# Visual Studio Version 17
VisualStudioVersion = 17.4.33213.308
MinimumVisualStudioVersion = 10.0.40219.1
Project("{FAE04EC0-301F-11D3-BF4B-00C04F79EFBC}") = "DeploymentApp-SB", "DeploymentApp-SB.csproj", "{D7995FA3-E51D-4CB6-8BE2-F0AC4898AF56}"
EndProject
Global
	GlobalSection(SolutionConfigurationPlatforms) = preSolution
		Debug|Any CPU = Debug|Any CPU
		Release|Any CPU = Release|Any CPU
	EndGlobalSection
	GlobalSection(ProjectConfigurationPlatforms) = postSolution
		{D7995FA3-E51D-4CB6-8BE2-F0AC4898AF56}.Debug|Any CPU.ActiveCfg = Debug|Any CPU
		{D7995FA3-E51D-4CB6-8BE2-F0AC4898AF56}.Debug|Any CPU.Build.0 = Debug|Any CPU
		{D7995FA3-E51D-4CB6-8BE2-F0AC4898AF56}.Release|Any CPU.ActiveCfg = Release|Any CPU
		{D7995FA3-E51D-4CB6-8BE2-F0AC4898AF56}.Release|Any CPU.Build.0 = Release|Any CPU
	EndGlobalSection
	GlobalSection(SolutionProperties) = preSolution
		HideSolutionNode = FALSE
	EndGlobalSection
	GlobalSection(ExtensibilityGlobals) = postSolution
		SolutionGuid = {C90D9714-2343-4442-AB9A-2C6DC53FA053}
	EndGlobalSection
EndGlobal
